
Microsoft Visual Studio Solution File, Format Version 12.00
# Visual Studio 15
VisualStudioVersion = 15.0.26124.0
MinimumVisualStudioVersion = 15.0.26124.0
Project("{FAE04EC0-301F-11D3-BF4B-00C04F79EFBC}") = "Gv24.WebApi", "Gv24.WebApi\Gv24.WebApi.csproj", "{A7926D15-56F9-4524-A75F-4979C1A45AAF}"
EndProject
Project("{FAE04EC0-301F-11D3-BF4B-00C04F79EFBC}") = "Gv24.ApiContracts", "Gv24.ApiContracts\Gv24.ApiContracts.csproj", "{6957E48B-812C-4B5B-B741-E86C68632782}"
EndProject
Global
	GlobalSection(SolutionConfigurationPlatforms) = preSolution
		Debug|Any CPU = Debug|Any CPU
		Debug|x64 = Debug|x64
		Debug|x86 = Debug|x86
		Release|Any CPU = Release|Any CPU
		Release|x64 = Release|x64
		Release|x86 = Release|x86
	EndGlobalSection
	GlobalSection(SolutionProperties) = preSolution
		HideSolutionNode = FALSE
	EndGlobalSection
	GlobalSection(ProjectConfigurationPlatforms) = postSolution
		{A7926D15-56F9-4524-A75F-4979C1A45AAF}.Debug|Any CPU.ActiveCfg = Debug|Any CPU
		{A7926D15-56F9-4524-A75F-4979C1A45AAF}.Debug|Any CPU.Build.0 = Debug|Any CPU
		{A7926D15-56F9-4524-A75F-4979C1A45AAF}.Debug|x64.ActiveCfg = Debug|Any CPU
		{A7926D15-56F9-4524-A75F-4979C1A45AAF}.Debug|x64.Build.0 = Debug|Any CPU
		{A7926D15-56F9-4524-A75F-4979C1A45AAF}.Debug|x86.ActiveCfg = Debug|Any CPU
		{A7926D15-56F9-4524-A75F-4979C1A45AAF}.Debug|x86.Build.0 = Debug|Any CPU
		{A7926D15-56F9-4524-A75F-4979C1A45AAF}.Release|Any CPU.ActiveCfg = Release|Any CPU
		{A7926D15-56F9-4524-A75F-4979C1A45AAF}.Release|Any CPU.Build.0 = Release|Any CPU
		{A7926D15-56F9-4524-A75F-4979C1A45AAF}.Release|x64.ActiveCfg = Release|Any CPU
		{A7926D15-56F9-4524-A75F-4979C1A45AAF}.Release|x64.Build.0 = Release|Any CPU
		{A7926D15-56F9-4524-A75F-4979C1A45AAF}.Release|x86.ActiveCfg = Release|Any CPU
		{A7926D15-56F9-4524-A75F-4979C1A45AAF}.Release|x86.Build.0 = Release|Any CPU
		{6957E48B-812C-4B5B-B741-E86C68632782}.Debug|Any CPU.ActiveCfg = Debug|Any CPU
		{6957E48B-812C-4B5B-B741-E86C68632782}.Debug|Any CPU.Build.0 = Debug|Any CPU
		{6957E48B-812C-4B5B-B741-E86C68632782}.Debug|x64.ActiveCfg = Debug|Any CPU
		{6957E48B-812C-4B5B-B741-E86C68632782}.Debug|x64.Build.0 = Debug|Any CPU
		{6957E48B-812C-4B5B-B741-E86C68632782}.Debug|x86.ActiveCfg = Debug|Any CPU
		{6957E48B-812C-4B5B-B741-E86C68632782}.Debug|x86.Build.0 = Debug|Any CPU
		{6957E48B-812C-4B5B-B741-E86C68632782}.Release|Any CPU.ActiveCfg = Release|Any CPU
		{6957E48B-812C-4B5B-B741-E86C68632782}.Release|Any CPU.Build.0 = Release|Any CPU
		{6957E48B-812C-4B5B-B741-E86C68632782}.Release|x64.ActiveCfg = Release|Any CPU
		{6957E48B-812C-4B5B-B741-E86C68632782}.Release|x64.Build.0 = Release|Any CPU
		{6957E48B-812C-4B5B-B741-E86C68632782}.Release|x86.ActiveCfg = Release|Any CPU
		{6957E48B-812C-4B5B-B741-E86C68632782}.Release|x86.Build.0 = Release|Any CPU
	EndGlobalSection
EndGlobal
